// !$*UTF8*$!
{
	archiveVersion = 1;
	classes = {
	};
	objectVersion = 56;
	objects = {

/* Begin PBXBuildFile section */
		4CC8F35B29BFAD6800A3E230 /* AppDelegate.swift in Sources */ = {isa = PBXBuildFile; fileRef = 4CC8F35A29BFAD6800A3E230 /* AppDelegate.swift */; };
		4CC8F35D29BFAD6800A3E230 /* SceneDelegate.swift in Sources */ = {isa = PBXBuildFile; fileRef = 4CC8F35C29BFAD6800A3E230 /* SceneDelegate.swift */; };
		4CC8F35F29BFAD6800A3E230 /* ViewController.swift in Sources */ = {isa = PBXBuildFile; fileRef = 4CC8F35E29BFAD6800A3E230 /* ViewController.swift */; };
		4CC8F36229BFAD6800A3E230 /* Main.storyboard in Resources */ = {isa = PBXBuildFile; fileRef = 4CC8F36029BFAD6800A3E230 /* Main.storyboard */; };
		4CC8F36429BFAD7000A3E230 /* Assets.xcassets in Resources */ = {isa = PBXBuildFile; fileRef = 4CC8F36329BFAD7000A3E230 /* Assets.xcassets */; };
		4CC8F36729BFAD7000A3E230 /* LaunchScreen.storyboard in Resources */ = {isa = PBXBuildFile; fileRef = 4CC8F36529BFAD7000A3E230 /* LaunchScreen.storyboard */; };
		4CC8F37229BFAD7000A3E230 /* isaevaTests.swift in Sources */ = {isa = PBXBuildFile; fileRef = 4CC8F37129BFAD7000A3E230 /* isaevaTests.swift */; };
		4CC8F37C29BFAD7000A3E230 /* isaevaUITests.swift in Sources */ = {isa = PBXBuildFile; fileRef = 4CC8F37B29BFAD7000A3E230 /* isaevaUITests.swift */; };
		4CC8F37E29BFAD7000A3E230 /* isaevaUITestsLaunchTests.swift in Sources */ = {isa = PBXBuildFile; fileRef = 4CC8F37D29BFAD7000A3E230 /* isaevaUITestsLaunchTests.swift */; };
/* End PBXBuildFile section */

/* Begin PBXContainerItemProxy section */
		4CC8F36E29BFAD7000A3E230 /* PBXContainerItemProxy */ = {
			isa = PBXContainerItemProxy;
			containerPortal = 4CC8F34F29BFAD6800A3E230 /* Project object */;
			proxyType = 1;
			remoteGlobalIDString = 4CC8F35629BFAD6800A3E230;
			remoteInfo = isaeva;
		};
		4CC8F37829BFAD7000A3E230 /* PBXContainerItemProxy */ = {
			isa = PBXContainerItemProxy;
			containerPortal = 4CC8F34F29BFAD6800A3E230 /* Project object */;
			proxyType = 1;
			remoteGlobalIDString = 4CC8F35629BFAD6800A3E230;
			remoteInfo = isaeva;
		};
/* End PBXContainerItemProxy section */

/* Begin PBXFileReference section */
		4CC8F35729BFAD6800A3E230 /* isaeva.app */ = {isa = PBXFileReference; explicitFileType = wrapper.application; includeInIndex = 0; path = isaeva.app; sourceTree = BUILT_PRODUCTS_DIR; };
		4CC8F35A29BFAD6800A3E230 /* AppDelegate.swift */ = {isa = PBXFileReference; lastKnownFileType = sourcecode.swift; path = AppDelegate.swift; sourceTree = "<group>"; };
		4CC8F35C29BFAD6800A3E230 /* SceneDelegate.swift */ = {isa = PBXFileReference; lastKnownFileType = sourcecode.swift; path = SceneDelegate.swift; sourceTree = "<group>"; };
		4CC8F35E29BFAD6800A3E230 /* ViewController.swift */ = {isa = PBXFileReference; lastKnownFileType = sourcecode.swift; path = ViewController.swift; sourceTree = "<group>"; };
		4CC8F36129BFAD6800A3E230 /* Base */ = {isa = PBXFileReference; lastKnownFileType = file.storyboard; name = Base; path = Base.lproj/Main.storyboard; sourceTree = "<group>"; };
		4CC8F36329BFAD7000A3E230 /* Assets.xcassets */ = {isa = PBXFileReference; lastKnownFileType = folder.assetcatalog; path = Assets.xcassets; sourceTree = "<group>"; };
		4CC8F36629BFAD7000A3E230 /* Base */ = {isa = PBXFileReference; lastKnownFileType = file.storyboard; name = Base; path = Base.lproj/LaunchScreen.storyboard; sourceTree = "<group>"; };
		4CC8F36829BFAD7000A3E230 /* Info.plist */ = {isa = PBXFileReference; lastKnownFileType = text.plist.xml; path = Info.plist; sourceTree = "<group>"; };
		4CC8F36D29BFAD7000A3E230 /* isaevaTests.xctest */ = {isa = PBXFileReference; explicitFileType = wrapper.cfbundle; includeInIndex = 0; path = isaevaTests.xctest; sourceTree = BUILT_PRODUCTS_DIR; };
		4CC8F37129BFAD7000A3E230 /* isaevaTests.swift */ = {isa = PBXFileReference; lastKnownFileType = sourcecode.swift; path = isaevaTests.swift; sourceTree = "<group>"; };
		4CC8F37729BFAD7000A3E230 /* isaevaUITests.xctest */ = {isa = PBXFileReference; explicitFileType = wrapper.cfbundle; includeInIndex = 0; path = isaevaUITests.xctest; sourceTree = BUILT_PRODUCTS_DIR; };
		4CC8F37B29BFAD7000A3E230 /* isaevaUITests.swift */ = {isa = PBXFileReference; lastKnownFileType = sourcecode.swift; path = isaevaUITests.swift; sourceTree = "<group>"; };
		4CC8F37D29BFAD7000A3E230 /* isaevaUITestsLaunchTests.swift */ = {isa = PBXFileReference; lastKnownFileType = sourcecode.swift; path = isaevaUITestsLaunchTests.swift; sourceTree = "<group>"; };
/* End PBXFileReference section */

/* Begin PBXFrameworksBuildPhase section */
		4CC8F35429BFAD6800A3E230 /* Frameworks */ = {
			isa = PBXFrameworksBuildPhase;
			buildActionMask = 2147483647;
			files = (
			);
			runOnlyForDeploymentPostprocessing = 0;
		};
		4CC8F36A29BFAD7000A3E230 /* Frameworks */ = {
			isa = PBXFrameworksBuildPhase;
			buildActionMask = 2147483647;
			files = (
			);
			runOnlyForDeploymentPostprocessing = 0;
		};
		4CC8F37429BFAD7000A3E230 /* Frameworks */ = {
			isa = PBXFrameworksBuildPhase;
			buildActionMask = 2147483647;
			files = (
			);
			runOnlyForDeploymentPostprocessing = 0;
		};
/* End PBXFrameworksBuildPhase section */

/* Begin PBXGroup section */
		4CC8F34E29BFAD6800A3E230 = {
			isa = PBXGroup;
			children = (
				4CC8F35929BFAD6800A3E230 /* isaeva */,
				4CC8F37029BFAD7000A3E230 /* isaevaTests */,
				4CC8F37A29BFAD7000A3E230 /* isaevaUITests */,
				4CC8F35829BFAD6800A3E230 /* Products */,
			);
			sourceTree = "<group>";
		};
		4CC8F35829BFAD6800A3E230 /* Products */ = {
			isa = PBXGroup;
			children = (
				4CC8F35729BFAD6800A3E230 /* isaeva.app */,
				4CC8F36D29BFAD7000A3E230 /* isaevaTests.xctest */,
				4CC8F37729BFAD7000A3E230 /* isaevaUITests.xctest */,
			);
			name = Products;
			sourceTree = "<group>";
		};
		4CC8F35929BFAD6800A3E230 /* isaeva */ = {
			isa = PBXGroup;
			children = (
				4CC8F35A29BFAD6800A3E230 /* AppDelegate.swift */,
				4CC8F35C29BFAD6800A3E230 /* SceneDelegate.swift */,
				4CC8F35E29BFAD6800A3E230 /* ViewController.swift */,
				4CC8F36029BFAD6800A3E230 /* Main.storyboard */,
				4CC8F36329BFAD7000A3E230 /* Assets.xcassets */,
				4CC8F36529BFAD7000A3E230 /* LaunchScreen.storyboard */,
				4CC8F36829BFAD7000A3E230 /* Info.plist */,
			);
			path = isaeva;
			sourceTree = "<group>";
		};
		4CC8F37029BFAD7000A3E230 /* isaevaTests */ = {
			isa = PBXGroup;
			children = (
				4CC8F37129BFAD7000A3E230 /* isaevaTests.swift */,
			);
			path = isaevaTests;
			sourceTree = "<group>";
		};
		4CC8F37A29BFAD7000A3E230 /* isaevaUITests */ = {
			isa = PBXGroup;
			children = (
				4CC8F37B29BFAD7000A3E230 /* isaevaUITests.swift */,
				4CC8F37D29BFAD7000A3E230 /* isaevaUITestsLaunchTests.swift */,
			);
			path = isaevaUITests;
			sourceTree = "<group>";
		};
/* End PBXGroup section */

/* Begin PBXNativeTarget section */
		4CC8F35629BFAD6800A3E230 /* isaeva */ = {
			isa = PBXNativeTarget;
			buildConfigurationList = 4CC8F38129BFAD7000A3E230 /* Build configuration list for PBXNativeTarget "isaeva" */;
			buildPhases = (
				4CC8F35329BFAD6800A3E230 /* Sources */,
				4CC8F35429BFAD6800A3E230 /* Frameworks */,
				4CC8F35529BFAD6800A3E230 /* Resources */,
			);
			buildRules = (
			);
			dependencies = (
			);
			name = isaeva;
			productName = isaeva;
			productReference = 4CC8F35729BFAD6800A3E230 /* isaeva.app */;
			productType = "com.apple.product-type.application";
		};
		4CC8F36C29BFAD7000A3E230 /* isaevaTests */ = {
			isa = PBXNativeTarget;
			buildConfigurationList = 4CC8F38429BFAD7000A3E230 /* Build configuration list for PBXNativeTarget "isaevaTests" */;
			buildPhases = (
				4CC8F36929BFAD7000A3E230 /* Sources */,
				4CC8F36A29BFAD7000A3E230 /* Frameworks */,
				4CC8F36B29BFAD7000A3E230 /* Resources */,
			);
			buildRules = (
			);
			dependencies = (
				4CC8F36F29BFAD7000A3E230 /* PBXTargetDependency */,
			);
			name = isaevaTests;
			productName = isaevaTests;
			productReference = 4CC8F36D29BFAD7000A3E230 /* isaevaTests.xctest */;
			productType = "com.apple.product-type.bundle.unit-test";
		};
		4CC8F37629BFAD7000A3E230 /* isaevaUITests */ = {
			isa = PBXNativeTarget;
			buildConfigurationList = 4CC8F38729BFAD7000A3E230 /* Build configuration list for PBXNativeTarget "isaevaUITests" */;
			buildPhases = (
				4CC8F37329BFAD7000A3E230 /* Sources */,
				4CC8F37429BFAD7000A3E230 /* Frameworks */,
				4CC8F37529BFAD7000A3E230 /* Resources */,
			);
			buildRules = (
			);
			dependencies = (
				4CC8F37929BFAD7000A3E230 /* PBXTargetDependency */,
			);
			name = isaevaUITests;
			productName = isaevaUITests;
			productReference = 4CC8F37729BFAD7000A3E230 /* isaevaUITests.xctest */;
			productType = "com.apple.product-type.bundle.ui-testing";
		};
/* End PBXNativeTarget section */

/* Begin PBXProject section */
		4CC8F34F29BFAD6800A3E230 /* Project object */ = {
			isa = PBXProject;
			attributes = {
				BuildIndependentTargetsInParallel = 1;
				LastSwiftUpdateCheck = 1420;
				LastUpgradeCheck = 1420;
				TargetAttributes = {
					4CC8F35629BFAD6800A3E230 = {
						CreatedOnToolsVersion = 14.2;
					};
					4CC8F36C29BFAD7000A3E230 = {
						CreatedOnToolsVersion = 14.2;
						TestTargetID = 4CC8F35629BFAD6800A3E230;
					};
					4CC8F37629BFAD7000A3E230 = {
						CreatedOnToolsVersion = 14.2;
						TestTargetID = 4CC8F35629BFAD6800A3E230;
					};
				};
			};
			buildConfigurationList = 4CC8F35229BFAD6800A3E230 /* Build configuration list for PBXProject "isaeva" */;
			compatibilityVersion = "Xcode 14.0";
			developmentRegion = en;
			hasScannedForEncodings = 0;
			knownRegions = (
				en,
				Base,
			);
			mainGroup = 4CC8F34E29BFAD6800A3E230;
			productRefGroup = 4CC8F35829BFAD6800A3E230 /* Products */;
			projectDirPath = "";
			projectRoot = "";
			targets = (
				4CC8F35629BFAD6800A3E230 /* isaeva */,
				4CC8F36C29BFAD7000A3E230 /* isaevaTests */,
				4CC8F37629BFAD7000A3E230 /* isaevaUITests */,
			);
		};
/* End PBXProject section */

/* Begin PBXResourcesBuildPhase section */
		4CC8F35529BFAD6800A3E230 /* Resources */ = {
			isa = PBXResourcesBuildPhase;
			buildActionMask = 2147483647;
			files = (
				4CC8F36729BFAD7000A3E230 /* LaunchScreen.storyboard in Resources */,
				4CC8F36429BFAD7000A3E230 /* Assets.xcassets in Resources */,
				4CC8F36229BFAD6800A3E230 /* Main.storyboard in Resources */,
			);
			runOnlyForDeploymentPostprocessing = 0;
		};
		4CC8F36B29BFAD7000A3E230 /* Resources */ = {
			isa = PBXResourcesBuildPhase;
			buildActionMask = 2147483647;
			files = (
			);
			runOnlyForDeploymentPostprocessing = 0;
		};
		4CC8F37529BFAD7000A3E230 /* Resources */ = {
			isa = PBXResourcesBuildPhase;
			buildActionMask = 2147483647;
			files = (
			);
			runOnlyForDeploymentPostprocessing = 0;
		};
/* End PBXResourcesBuildPhase section */

/* Begin PBXSourcesBuildPhase section */
		4CC8F35329BFAD6800A3E230 /* Sources */ = {
			isa = PBXSourcesBuildPhase;
			buildActionMask = 2147483647;
			files = (
				4CC8F35F29BFAD6800A3E230 /* ViewController.swift in Sources */,
				4CC8F35B29BFAD6800A3E230 /* AppDelegate.swift in Sources */,
				4CC8F35D29BFAD6800A3E230 /* SceneDelegate.swift in Sources */,
			);
			runOnlyForDeploymentPostprocessing = 0;
		};
		4CC8F36929BFAD7000A3E230 /* Sources */ = {
			isa = PBXSourcesBuildPhase;
			buildActionMask = 2147483647;
			files = (
				4CC8F37229BFAD7000A3E230 /* isaevaTests.swift in Sources */,
			);
			runOnlyForDeploymentPostprocessing = 0;
		};
		4CC8F37329BFAD7000A3E230 /* Sources */ = {
			isa = PBXSourcesBuildPhase;
			buildActionMask = 2147483647;
			files = (
				4CC8F37C29BFAD7000A3E230 /* isaevaUITests.swift in Sources */,
				4CC8F37E29BFAD7000A3E230 /* isaevaUITestsLaunchTests.swift in Sources */,
			);
			runOnlyForDeploymentPostprocessing = 0;
		};
/* End PBXSourcesBuildPhase section */

/* Begin PBXTargetDependency section */
		4CC8F36F29BFAD7000A3E230 /* PBXTargetDependency */ = {
			isa = PBXTargetDependency;
			target = 4CC8F35629BFAD6800A3E230 /* isaeva */;
			targetProxy = 4CC8F36E29BFAD7000A3E230 /* PBXContainerItemProxy */;
		};
		4CC8F37929BFAD7000A3E230 /* PBXTargetDependency */ = {
			isa = PBXTargetDependency;
			target = 4CC8F35629BFAD6800A3E230 /* isaeva */;
			targetProxy = 4CC8F37829BFAD7000A3E230 /* PBXContainerItemProxy */;
		};
/* End PBXTargetDependency section */

/* Begin PBXVariantGroup section */
		4CC8F36029BFAD6800A3E230 /* Main.storyboard */ = {
			isa = PBXVariantGroup;
			children = (
				4CC8F36129BFAD6800A3E230 /* Base */,
			);
			name = Main.storyboard;
			sourceTree = "<group>";
		};
		4CC8F36529BFAD7000A3E230 /* LaunchScreen.storyboard */ = {
			isa = PBXVariantGroup;
			children = (
				4CC8F36629BFAD7000A3E230 /* Base */,
			);
			name = LaunchScreen.storyboard;
			sourceTree = "<group>";
		};
/* End PBXVariantGroup section */

/* Begin XCBuildConfiguration section */
		4CC8F37F29BFAD7000A3E230 /* Debug */ = {
			isa = XCBuildConfiguration;
			buildSettings = {
				ALWAYS_SEARCH_USER_PATHS = NO;
				CLANG_ANALYZER_NONNULL = YES;
				CLANG_ANALYZER_NUMBER_OBJECT_CONVERSION = YES_AGGRESSIVE;
				CLANG_CXX_LANGUAGE_STANDARD = "gnu++20";
				CLANG_ENABLE_MODULES = YES;
				CLANG_ENABLE_OBJC_ARC = YES;
				CLANG_ENABLE_OBJC_WEAK = YES;
				CLANG_WARN_BLOCK_CAPTURE_AUTORELEASING = YES;
				CLANG_WARN_BOOL_CONVERSION = YES;
				CLANG_WARN_COMMA = YES;
				CLANG_WARN_CONSTANT_CONVERSION = YES;
				CLANG_WARN_DEPRECATED_OBJC_IMPLEMENTATIONS = YES;
				CLANG_WARN_DIRECT_OBJC_ISA_USAGE = YES_ERROR;
				CLANG_WARN_DOCUMENTATION_COMMENTS = YES;
				CLANG_WARN_EMPTY_BODY = YES;
				CLANG_WARN_ENUM_CONVERSION = YES;
				CLANG_WARN_INFINITE_RECURSION = YES;
				CLANG_WARN_INT_CONVERSION = YES;
				CLANG_WARN_NON_LITERAL_NULL_CONVERSION = YES;
				CLANG_WARN_OBJC_IMPLICIT_RETAIN_SELF = YES;
				CLANG_WARN_OBJC_LITERAL_CONVERSION = YES;
				CLANG_WARN_OBJC_ROOT_CLASS = YES_ERROR;
				CLANG_WARN_QUOTED_INCLUDE_IN_FRAMEWORK_HEADER = YES;
				CLANG_WARN_RANGE_LOOP_ANALYSIS = YES;
				CLANG_WARN_STRICT_PROTOTYPES = YES;
				CLANG_WARN_SUSPICIOUS_MOVE = YES;
				CLANG_WARN_UNGUARDED_AVAILABILITY = YES_AGGRESSIVE;
				CLANG_WARN_UNREACHABLE_CODE = YES;
				CLANG_WARN__DUPLICATE_METHOD_MATCH = YES;
				COPY_PHASE_STRIP = NO;
				DEBUG_INFORMATION_FORMAT = dwarf;
				ENABLE_STRICT_OBJC_MSGSEND = YES;
				ENABLE_TESTABILITY = YES;
				GCC_C_LANGUAGE_STANDARD = gnu11;
				GCC_DYNAMIC_NO_PIC = NO;
				GCC_NO_COMMON_BLOCKS = YES;
				GCC_OPTIMIZATION_LEVEL = 0;
				GCC_PREPROCESSOR_DEFINITIONS = (
					"DEBUG=1",
					"$(inherited)",
				);
				GCC_WARN_64_TO_32_BIT_CONVERSION = YES;
				GCC_WARN_ABOUT_RETURN_TYPE = YES_ERROR;
				GCC_WARN_UNDECLARED_SELECTOR = YES;
				GCC_WARN_UNINITIALIZED_AUTOS = YES_AGGRESSIVE;
				GCC_WARN_UNUSED_FUNCTION = YES;
				GCC_WARN_UNUSED_VARIABLE = YES;
				IPHONEOS_DEPLOYMENT_TARGET = 16.2;
				MTL_ENABLE_DEBUG_INFO = INCLUDE_SOURCE;
				MTL_FAST_MATH = YES;
				ONLY_ACTIVE_ARCH = YES;
				SDKROOT = iphoneos;
				SWIFT_ACTIVE_COMPILATION_CONDITIONS = DEBUG;
				SWIFT_OPTIMIZATION_LEVEL = "-Onone";
			};
			name = Debug;
		};
		4CC8F38029BFAD7000A3E230 /* Release */ = {
			isa = XCBuildConfiguration;
			buildSettings = {
				ALWAYS_SEARCH_USER_PATHS = NO;
				CLANG_ANALYZER_NONNULL = YES;
				CLANG_ANALYZER_NUMBER_OBJECT_CONVERSION = YES_AGGRESSIVE;
				CLANG_CXX_LANGUAGE_STANDARD = "gnu++20";
				CLANG_ENABLE_MODULES = YES;
				CLANG_ENABLE_OBJC_ARC = YES;
				CLANG_ENABLE_OBJC_WEAK = YES;
				CLANG_WARN_BLOCK_CAPTURE_AUTORELEASING = YES;
				CLANG_WARN_BOOL_CONVERSION = YES;
				CLANG_WARN_COMMA = YES;
				CLANG_WARN_CONSTANT_CONVERSION = YES;
				CLANG_WARN_DEPRECATED_OBJC_IMPLEMENTATIONS = YES;
				CLANG_WARN_DIRECT_OBJC_ISA_USAGE = YES_ERROR;
				CLANG_WARN_DOCUMENTATION_COMMENTS = YES;
				CLANG_WARN_EMPTY_BODY = YES;
				CLANG_WARN_ENUM_CONVERSION = YES;
				CLANG_WARN_INFINITE_RECURSION = YES;
				CLANG_WARN_INT_CONVERSION = YES;
				CLANG_WARN_NON_LITERAL_NULL_CONVERSION = YES;
				CLANG_WARN_OBJC_IMPLICIT_RETAIN_SELF = YES;
				CLANG_WARN_OBJC_LITERAL_CONVERSION = YES;
				CLANG_WARN_OBJC_ROOT_CLASS = YES_ERROR;
				CLANG_WARN_QUOTED_INCLUDE_IN_FRAMEWORK_HEADER = YES;
				CLANG_WARN_RANGE_LOOP_ANALYSIS = YES;
				CLANG_WARN_STRICT_PROTOTYPES = YES;
				CLANG_WARN_SUSPICIOUS_MOVE = YES;
				CLANG_WARN_UNGUARDED_AVAILABILITY = YES_AGGRESSIVE;
				CLANG_WARN_UNREACHABLE_CODE = YES;
				CLANG_WARN__DUPLICATE_METHOD_MATCH = YES;
				COPY_PHASE_STRIP = NO;
				DEBUG_INFORMATION_FORMAT = "dwarf-with-dsym";
				ENABLE_NS_ASSERTIONS = NO;
				ENABLE_STRICT_OBJC_MSGSEND = YES;
				GCC_C_LANGUAGE_STANDARD = gnu11;
				GCC_NO_COMMON_BLOCKS = YES;
				GCC_WARN_64_TO_32_BIT_CONVERSION = YES;
				GCC_WARN_ABOUT_RETURN_TYPE = YES_ERROR;
				GCC_WARN_UNDECLARED_SELECTOR = YES;
				GCC_WARN_UNINITIALIZED_AUTOS = YES_AGGRESSIVE;
				GCC_WARN_UNUSED_FUNCTION = YES;
				GCC_WARN_UNUSED_VARIABLE = YES;
				IPHONEOS_DEPLOYMENT_TARGET = 16.2;
				MTL_ENABLE_DEBUG_INFO = NO;
				MTL_FAST_MATH = YES;
				SDKROOT = iphoneos;
				SWIFT_COMPILATION_MODE = wholemodule;
				SWIFT_OPTIMIZATION_LEVEL = "-O";
				VALIDATE_PRODUCT = YES;
			};
			name = Release;
		};
		4CC8F38229BFAD7000A3E230 /* Debug */ = {
			isa = XCBuildConfiguration;
			buildSettings = {
				ASSETCATALOG_COMPILER_APPICON_NAME = AppIcon;
				ASSETCATALOG_COMPILER_GLOBAL_ACCENT_COLOR_NAME = AccentColor;
				CODE_SIGN_STYLE = Automatic;
				CURRENT_PROJECT_VERSION = 1;
				DEVELOPMENT_TEAM = H2AXHRTMVM;
				GENERATE_INFOPLIST_FILE = YES;
				INFOPLIST_FILE = isaeva/Info.plist;
				INFOPLIST_KEY_UIApplicationSupportsIndirectInputEvents = YES;
				INFOPLIST_KEY_UILaunchStoryboardName = LaunchScreen;
				INFOPLIST_KEY_UIMainStoryboardFile = Main;
				INFOPLIST_KEY_UISupportedInterfaceOrientations_iPad = "UIInterfaceOrientationPortrait UIInterfaceOrientationPortraitUpsideDown UIInterfaceOrientationLandscapeLeft UIInterfaceOrientationLandscapeRight";
				INFOPLIST_KEY_UISupportedInterfaceOrientations_iPhone = "UIInterfaceOrientationPortrait UIInterfaceOrientationLandscapeLeft UIInterfaceOrientationLandscapeRight";
				LD_RUNPATH_SEARCH_PATHS = (
					"$(inherited)",
					"@executable_path/Frameworks",
				);
				MARKETING_VERSION = 1.0;
				PRODUCT_BUNDLE_IDENTIFIER = VI.isaeva;
				PRODUCT_NAME = "$(TARGET_NAME)";
				SUPPORTED_PLATFORMS = "iphoneos iphonesimulator";
				SUPPORTS_MACCATALYST = NO;
				SUPPORTS_MAC_DESIGNED_FOR_IPHONE_IPAD = NO;
				SWIFT_EMIT_LOC_STRINGS = YES;
				SWIFT_VERSION = 5.0;
				TARGETED_DEVICE_FAMILY = 1;
			};
			name = Debug;
		};
		4CC8F38329BFAD7000A3E230 /* Release */ = {
			isa = XCBuildConfiguration;
			buildSettings = {
				ASSETCATALOG_COMPILER_APPICON_NAME = AppIcon;
				ASSETCATALOG_COMPILER_GLOBAL_ACCENT_COLOR_NAME = AccentColor;
				CODE_SIGN_STYLE = Automatic;
				CURRENT_PROJECT_VERSION = 1;
				DEVELOPMENT_TEAM = H2AXHRTMVM;
				GENERATE_INFOPLIST_FILE = YES;
				INFOPLIST_FILE = isaeva/Info.plist;
				INFOPLIST_KEY_UIApplicationSupportsIndirectInputEvents = YES;
				INFOPLIST_KEY_UILaunchStoryboardName = LaunchScreen;
				INFOPLIST_KEY_UIMainStoryboardFile = Main;
				INFOPLIST_KEY_UISupportedInterfaceOrientations_iPad = "UIInterfaceOrientationPortrait UIInterfaceOrientationPortraitUpsideDown UIInterfaceOrientationLandscapeLeft UIInterfaceOrientationLandscapeRight";
				INFOPLIST_KEY_UISupportedInterfaceOrientations_iPhone = "UIInterfaceOrientationPortrait UIInterfaceOrientationLandscapeLeft UIInterfaceOrientationLandscapeRight";
				LD_RUNPATH_SEARCH_PATHS = (
					"$(inherited)",
					"@executable_path/Frameworks",
				);
				MARKETING_VERSION = 1.0;
				PRODUCT_BUNDLE_IDENTIFIER = VI.isaeva;
				PRODUCT_NAME = "$(TARGET_NAME)";
				SUPPORTED_PLATFORMS = "iphoneos iphonesimulator";
				SUPPORTS_MACCATALYST = NO;
				SUPPORTS_MAC_DESIGNED_FOR_IPHONE_IPAD = NO;
				SWIFT_EMIT_LOC_STRINGS = YES;
				SWIFT_VERSION = 5.0;
				TARGETED_DEVICE_FAMILY = 1;
			};
			name = Release;
		};
		4CC8F38529BFAD7000A3E230 /* Debug */ = {
			isa = XCBuildConfiguration;
			buildSettings = {
				ALWAYS_EMBED_SWIFT_STANDARD_LIBRARIES = YES;
				BUNDLE_LOADER = "$(TEST_HOST)";
				CODE_SIGN_STYLE = Automatic;
				CURRENT_PROJECT_VERSION = 1;
				DEVELOPMENT_TEAM = H2AXHRTMVM;
				GENERATE_INFOPLIST_FILE = YES;
				IPHONEOS_DEPLOYMENT_TARGET = 16.2;
				MARKETING_VERSION = 1.0;
				PRODUCT_BUNDLE_IDENTIFIER = VI.isaevaTests;
				PRODUCT_NAME = "$(TARGET_NAME)";
				SWIFT_EMIT_LOC_STRINGS = NO;
				SWIFT_VERSION = 5.0;
				TARGETED_DEVICE_FAMILY = "1,2";
				TEST_HOST = "$(BUILT_PRODUCTS_DIR)/isaeva.app/$(BUNDLE_EXECUTABLE_FOLDER_PATH)/isaeva";
			};
			name = Debug;
		};
		4CC8F38629BFAD7000A3E230 /* Release */ = {
			isa = XCBuildConfiguration;
			buildSettings = {
				ALWAYS_EMBED_SWIFT_STANDARD_LIBRARIES = YES;
				BUNDLE_LOADER = "$(TEST_HOST)";
				CODE_SIGN_STYLE = Automatic;
				CURRENT_PROJECT_VERSION = 1;
				DEVELOPMENT_TEAM = H2AXHRTMVM;
				GENERATE_INFOPLIST_FILE = YES;
				IPHONEOS_DEPLOYMENT_TARGET = 16.2;
				MARKETING_VERSION = 1.0;
				PRODUCT_BUNDLE_IDENTIFIER = VI.isaevaTests;
				PRODUCT_NAME = "$(TARGET_NAME)";
				SWIFT_EMIT_LOC_STRINGS = NO;
				SWIFT_VERSION = 5.0;
				TARGETED_DEVICE_FAMILY = "1,2";
				TEST_HOST = "$(BUILT_PRODUCTS_DIR)/isaeva.app/$(BUNDLE_EXECUTABLE_FOLDER_PATH)/isaeva";
			};
			name = Release;
		};
		4CC8F38829BFAD7000A3E230 /* Debug */ = {
			isa = XCBuildConfiguration;
			buildSettings = {
				ALWAYS_EMBED_SWIFT_STANDARD_LIBRARIES = YES;
				CODE_SIGN_STYLE = Automatic;
				CURRENT_PROJECT_VERSION = 1;
				DEVELOPMENT_TEAM = H2AXHRTMVM;
				GENERATE_INFOPLIST_FILE = YES;
				MARKETING_VERSION = 1.0;
				PRODUCT_BUNDLE_IDENTIFIER = VI.isaevaUITests;
				PRODUCT_NAME = "$(TARGET_NAME)";
				SWIFT_EMIT_LOC_STRINGS = NO;
				SWIFT_VERSION = 5.0;
				TARGETED_DEVICE_FAMILY = "1,2";
				TEST_TARGET_NAME = isaeva;
			};
			name = Debug;
		};
		4CC8F38929BFAD7000A3E230 /* Release */ = {
			isa = XCBuildConfiguration;
			buildSettings = {
				ALWAYS_EMBED_SWIFT_STANDARD_LIBRARIES = YES;
				CODE_SIGN_STYLE = Automatic;
				CURRENT_PROJECT_VERSION = 1;
				DEVELOPMENT_TEAM = H2AXHRTMVM;
				GENERATE_INFOPLIST_FILE = YES;
				MARKETING_VERSION = 1.0;
				PRODUCT_BUNDLE_IDENTIFIER = VI.isaevaUITests;
				PRODUCT_NAME = "$(TARGET_NAME)";
				SWIFT_EMIT_LOC_STRINGS = NO;
				SWIFT_VERSION = 5.0;
				TARGETED_DEVICE_FAMILY = "1,2";
				TEST_TARGET_NAME = isaeva;
			};
			name = Release;
		};
/* End XCBuildConfiguration section */

/* Begin XCConfigurationList section */
		4CC8F35229BFAD6800A3E230 /* Build configuration list for PBXProject "isaeva" */ = {
			isa = XCConfigurationList;
			buildConfigurations = (
				4CC8F37F29BFAD7000A3E230 /* Debug */,
				4CC8F38029BFAD7000A3E230 /* Release */,
			);
			defaultConfigurationIsVisible = 0;
			defaultConfigurationName = Release;
		};
		4CC8F38129BFAD7000A3E230 /* Build configuration list for PBXNativeTarget "isaeva" */ = {
			isa = XCConfigurationList;
			buildConfigurations = (
				4CC8F38229BFAD7000A3E230 /* Debug */,
				4CC8F38329BFAD7000A3E230 /* Release */,
			);
			defaultConfigurationIsVisible = 0;
			defaultConfigurationName = Release;
		};
		4CC8F38429BFAD7000A3E230 /* Build configuration list for PBXNativeTarget "isaevaTests" */ = {
			isa = XCConfigurationList;
			buildConfigurations = (
				4CC8F38529BFAD7000A3E230 /* Debug */,
				4CC8F38629BFAD7000A3E230 /* Release */,
			);
			defaultConfigurationIsVisible = 0;
			defaultConfigurationName = Release;
		};
		4CC8F38729BFAD7000A3E230 /* Build configuration list for PBXNativeTarget "isaevaUITests" */ = {
			isa = XCConfigurationList;
			buildConfigurations = (
				4CC8F38829BFAD7000A3E230 /* Debug */,
				4CC8F38929BFAD7000A3E230 /* Release */,
			);
			defaultConfigurationIsVisible = 0;
			defaultConfigurationName = Release;
		};
/* End XCConfigurationList section */
	};
	rootObject = 4CC8F34F29BFAD6800A3E230 /* Project object */;
}
